<?xml version="1.0" encoding="utf-8"?>
<Project ToolsVersion="4.0" xmlns="http://schemas.microsoft.com/developer/msbuild/2003">
  <ItemGroup>
    <Filter Include="Source Files">
      <UniqueIdentifier>{4FC737F1-C7A5-4376-A066-2A32D752A2FF}</UniqueIdentifier>
      <Extensions>cpp;c;cc;cxx;def;odl;idl;hpj;bat;asm;asmx</Extensions>
    </Filter>
    <Filter Include="Header Files">
      <UniqueIdentifier>{93995380-89BD-4b04-88EB-625FBE52EBFB}</UniqueIdentifier>
      <Extensions>h;hh;hpp;hxx;hm;inl;inc;xsd</Extensions>
    </Filter>
    <Filter Include="Resource Files">
      <UniqueIdentifier>{67DA6AB6-F800-4c08-8B7A-83BB121AAD01}</UniqueIdentifier>
      <Extensions>rc;ico;cur;bmp;dlg;rc2;rct;bin;rgs;gif;jpg;jpeg;jpe;resx;tiff;tif;png;wav;mfcribbon-ms</Extensions>
    </Filter>
    <Filter Include="CustomAllocators">
      <UniqueIdentifier>{fe05d70f-eb8c-43a9-b6b4-6f45971cd6e0}</UniqueIdentifier>
    </Filter>
    <Filter Include="CustomContainers">
      <UniqueIdentifier>{ad1df876-c7e6-4447-a4c3-53de8e9000c0}</UniqueIdentifier>
    </Filter>
  </ItemGroup>
  <ItemGroup>
    <ClCompile Include="main.cpp">
      <Filter>Source Files</Filter>
    </ClCompile>
    <ClCompile Include="performancetest.cpp">
      <Filter>Source Files</Filter>
    </ClCompile>
    <ClCompile Include="randomgenerator.cpp">
      <Filter>Source Files</Filter>
    </ClCompile>
    <ClCompile Include="registry.cpp">
      <Filter>Source Files</Filter>
    </ClCompile>
    <ClCompile Include="timer.cpp">
      <Filter>Source Files</Filter>
    </ClCompile>
    <ClCompile Include="Examples\bitwise.cpp">
      <Filter>Source Files</Filter>
    </ClCompile>
    <ClCompile Include="Examples\criticalstatements.cpp">
      <Filter>Source Files</Filter>
    </ClCompile>
    <ClCompile Include="Examples\datastructures.cpp">
      <Filter>Source Files</Filter>
    </ClCompile>
    <ClCompile Include="Examples\searching.cpp">
      <Filter>Source Files</Filter>
    </ClCompile>
    <ClCompile Include="Examples\strings.cpp">
      <Filter>Source Files</Filter>
    </ClCompile>
    <ClCompile Include="Examples\input_output.cpp">
      <Filter>Source Files</Filter>
    </ClCompile>
    <ClCompile Include="Examples\memory_management.cpp">
      <Filter>Source Files</Filter>
    </ClCompile>
    <ClCompile Include="CustomAllocators\Allocator.cpp">
      <Filter>CustomAllocators</Filter>
    </ClCompile>
    <ClCompile Include="CustomAllocators\BlockAllocator.cpp">
      <Filter>CustomAllocators</Filter>
    </ClCompile>
    <ClCompile Include="CustomAllocators\BlockAllocatorProxy.cpp">
      <Filter>CustomAllocators</Filter>
    </ClCompile>
    <ClCompile Include="CustomAllocators\DynamicLinearAllocator.cpp">
      <Filter>CustomAllocators</Filter>
    </ClCompile>
    <ClCompile Include="CustomAllocators\EndAllocator.cpp">
      <Filter>CustomAllocators</Filter>
    </ClCompile>
    <ClCompile Include="CustomAllocators\FixedLinearAllocator.cpp">
      <Filter>CustomAllocators</Filter>
    </ClCompile>
    <ClCompile Include="CustomAllocators\FreeListAllocator.cpp">
      <Filter>CustomAllocators</Filter>
    </ClCompile>
    <ClCompile Include="CustomAllocators\LinearAllocator.cpp">
      <Filter>CustomAllocators</Filter>
    </ClCompile>
    <ClCompile Include="CustomAllocators\ProxyAllocator.cpp">
      <Filter>CustomAllocators</Filter>
    </ClCompile>
    <ClCompile Include="CustomAllocators\SmallBlockAllocator.cpp">
      <Filter>CustomAllocators</Filter>
    </ClCompile>
  </ItemGroup>
  <ItemGroup>
    <ClInclude Include="performancetest.h">
      <Filter>Header Files</Filter>
    </ClInclude>
    <ClInclude Include="randomgenerator.h">
      <Filter>Header Files</Filter>
    </ClInclude>
    <ClInclude Include="registry.h">
      <Filter>Header Files</Filter>
    </ClInclude>
    <ClInclude Include="timer.h">
      <Filter>Header Files</Filter>
    </ClInclude>
    <ClInclude Include="Examples\examples.h">
      <Filter>Header Files</Filter>
    </ClInclude>
    <ClInclude Include="CustomAllocators\Allocator.h">
      <Filter>CustomAllocators</Filter>
    </ClInclude>
    <ClInclude Include="CustomAllocators\AllocatorProxy.h">
      <Filter>CustomAllocators</Filter>
    </ClInclude>
    <ClInclude Include="CustomAllocators\AquaTypes.h">
      <Filter>CustomAllocators</Filter>
    </ClInclude>
    <ClInclude Include="CustomAllocators\BlockAllocator.h">
      <Filter>CustomAllocators</Filter>
    </ClInclude>
    <ClInclude Include="CustomAllocators\BlockAllocatorProxy.h">
      <Filter>CustomAllocators</Filter>
    </ClInclude>
    <ClInclude Include="CustomAllocators\Debug.h">
      <Filter>CustomAllocators</Filter>
    </ClInclude>
    <ClInclude Include="CustomAllocators\DynamicLinearAllocator.h">
      <Filter>CustomAllocators</Filter>
    </ClInclude>
    <ClInclude Include="CustomAllocators\EndAllocator.h">
      <Filter>CustomAllocators</Filter>
    </ClInclude>
    <ClInclude Include="CustomAllocators\FixedLinearAllocator.h">
      <Filter>CustomAllocators</Filter>
    </ClInclude>
    <ClInclude Include="CustomAllocators\FreeListAllocator.h">
      <Filter>CustomAllocators</Filter>
    </ClInclude>
    <ClInclude Include="CustomAllocators\LinearAllocator.h">
      <Filter>CustomAllocators</Filter>
    </ClInclude>
    <ClInclude Include="CustomAllocators\PointerMath.h">
      <Filter>CustomAllocators</Filter>
    </ClInclude>
    <ClInclude Include="CustomAllocators\ProxyAllocator.h">
      <Filter>CustomAllocators</Filter>
    </ClInclude>
    <ClInclude Include="CustomAllocators\ScopeStack.h">
      <Filter>CustomAllocators</Filter>
    </ClInclude>
    <ClInclude Include="CustomAllocators\SmallBlockAllocator.h">
      <Filter>CustomAllocators</Filter>
    </ClInclude>
    <ClInclude Include="CustomContainers\Array.h">
      <Filter>CustomContainers</Filter>
    </ClInclude>
    <ClInclude Include="CustomContainers\HashMap.h">
      <Filter>CustomContainers</Filter>
    </ClInclude>
    <ClInclude Include="CustomContainers\Pool.h">
      <Filter>CustomContainers</Filter>
    </ClInclude>
    <ClInclude Include="CustomContainers\Queue.h">
      <Filter>CustomContainers</Filter>
    </ClInclude>
  </ItemGroup>
</Project>